version = 1
revision = 3
requires-python = ">=3.11"

[[package]]
name = "awscrt"
version = "0.32.2"
source = { registry = "https://pypi.org/simple" }
sdist = { url = "https://files.pythonhosted.org/packages/92/cb/980fe60c4209af71d036276217f8b9f372f958e290c15d2849a3de4dcd23/awscrt-0.32.2.tar.gz", hash = "sha256:a4f48805e8a66237923f03b7b692d213994cff42d1ff08125d1d60c74fcaf872", size = 36862073, upload-time = "2026-04-24T22:59:55.835Z" }
wheels = [
    { url = "https://files.pythonhosted.org/packages/03/99/a6c712a2f638c766b0879da0eacd9fe5695c64deb89c0357bcc4f1f4df9b/awscrt-0.32.2-cp311-abi3-macosx_10_15_universal2.whl", hash = "sha256:32785f54d0786e07b6491b51f9c2f75ea9e17decd39bb6b66fdc60cd871a49ef", size = 3406247, upload-time = "2026-04-24T22:58:46.268Z" },
    { url = "https://files.pythonhosted.org/packages/a7/03/665c81f3b9d3c56fcdfb8f353c22501bc538d192c431cfaaf307f867d404/awscrt-0.32.2-cp311-abi3-manylinux2014_aarch64.manylinux_2_17_aarch64.whl", hash = "sha256:f8a586c52f41ff14c2f1b8afeb764e231ad3d66acfd42a6b9fb6c8afd8da8fe2", size = 3906890, upload-time = "2026-04-24T22:58:47.96Z" },
    { url = "https://files.pythonhosted.org/packages/31/ad/5db0691a0c72d55a17c03c47149cf15d4602b83b470355c322c9a7f115e8/awscrt-0.32.2-cp311-abi3-manylinux2014_x86_64.manylinux_2_17_x86_64.whl", hash = "sha256:3ef1664588d35dcad2115377120667e689cd7a517da52a481373c9536811ed96", size = 4196631, upload-time = "2026-04-24T22:58:49.244Z" },
    { url = "https://files.pythonhosted.org/packages/9a/66/63a4654b2996158f33e88d74d79178a5812d94a7e0d6c94ec475115dff18/awscrt-0.32.2-cp311-abi3-musllinux_1_1_aarch64.whl", hash = "sha256:7ed7c209136650fe25659436bb4150e5af6eb43d71a0bf294f0bf414428736ee", size = 3818090, upload-time = "2026-04-24T22:58:50.657Z" },
    { url = "https://files.pythonhosted.org/packages/cd/26/b8fee227918465830a0bbba48f54ebf0a5029c3a7d11d4fa973838a79262/awscrt-0.32.2-cp311-abi3-musllinux_1_1_x86_64.whl", hash = "sha256:cfd437122d5a2ec7eb9fffaf2cd8b96543d4a0d7e906b9515b79672005a1607a", size = 4056453, upload-time = "2026-04-24T22:58:52.373Z" },
    { url = "https://files.pythonhosted.org/packages/e3/26/f5b9e9677bf90d1840d4db1513ba92e73601ef82e61a16e747a83493d35c/awscrt-0.32.2-cp311-abi3-win32.whl", hash = "sha256:5197d1e4e780d755632f79f8d32a09a30a9101cccb51ca1694fe25c711b2e801", size = 4066027, upload-time = "2026-04-24T22:58:53.752Z" },
    { url = "https://files.pythonhosted.org/packages/57/0b/fd1798551ecdc8a28d61ecdeda248f99faa3457f83aefa10ab797f466889/awscrt-0.32.2-cp311-abi3-win_amd64.whl", hash = "sha256:80420aa19c074a4c0335f2bd0e4aee3381fa452328d937795a1e0c779f0c052d", size = 4221984, upload-time = "2026-04-24T22:58:55.115Z" },
    { url = "https://files.pythonhosted.org/packages/7b/a3/075e29b39945f398adfb5d5ee4d533e00d37c0f5c68d79b250a1bdb087ba/awscrt-0.32.2-cp313-abi3-macosx_10_15_universal2.whl", hash = "sha256:d2f7aee3bce261ab1ceba1fac404de4d496aa866237161d4257cef92bff9d828", size = 3404901, upload-time = "2026-04-24T22:58:56.492Z" },
    { url = "https://files.pythonhosted.org/packages/e3/41/1c4783b32bf4ec7383156787570ea1221c95c037c2c0f11cbc9e9529ba48/awscrt-0.32.2-cp313-abi3-manylinux2014_aarch64.manylinux_2_17_aarch64.whl", hash = "sha256:ff0fff9c2b613d7fabc298b0fd81f0d7056353f3d20271a852a719c5b2f7ccf4", size = 3897627, upload-time = "2026-04-24T22:58:58.144Z" },
    { url = "https://files.pythonhosted.org/packages/af/2d/5736128847ff4a877d50720ea7a48d7e50a56b78741919e4b6ffabffb1ad/awscrt-0.32.2-cp313-abi3-manylinux2014_x86_64.manylinux_2_17_x86_64.whl", hash = "sha256:79bb11d5d1dfdcfd867aac4a026bee11afbd2154279e12b66588442d8c14bdf7", size = 4189579, upload-time = "2026-04-24T22:58:59.56Z" },
    { url = "https://files.pythonhosted.org/packages/90/f5/064b23d4c927e9b63725ee60c88edb75a1e8f5fd1e97d56d4d6a63fe954b/awscrt-0.32.2-cp313-abi3-musllinux_1_1_aarch64.whl", hash = "sha256:47330f421948207a122092042f235cf82d48fa145c446ff4db12cc8cd3a418b6", size = 3809647, upload-time = "2026-04-24T22:59:00.884Z" },
    { url = "https://files.pythonhosted.org/packages/f5/36/f14ea531cccb6ff85c4d50c9e79e61030675520a393b4af23685d24ea018/awscrt-0.32.2-cp313-abi3-musllinux_1_1_x86_64.whl", hash = "sha256:5ec4d8200eb0158b60e35fbb65faa96ef1eb7763f6ce1192827886ee24c6df99", size = 4051532, upload-time = "2026-04-24T22:59:02.593Z" },
    { url = "https://files.pythonhosted.org/packages/64/aa/b12e721c8148a1bbc58a22cbd204d88d0a6263331049d40c057f9dcd3e11/awscrt-0.32.2-cp313-abi3-win32.whl", hash = "sha256:a81f30a501d2eb6ba52c769cd6ecb3f7005512fba4a533211dc717e1115b0d94", size = 4062484, upload-time = "2026-04-24T22:59:04.251Z" },
    { url = "https://files.pythonhosted.org/packages/5c/26/9f5f23647465a4fe1b28afce334e54a4264e23b69365024c28955f0c4119/awscrt-0.32.2-cp313-abi3-win_amd64.whl", hash = "sha256:8d731edda20dce5afc15a04731d91136a31779a244672d1f0a292a8b04aa0fd3", size = 4220425, upload-time = "2026-04-24T22:59:05.627Z" },
    { url = "https://files.pythonhosted.org/packages/dd/76/18077410c1d7b524a7a7486550bc969218f6575288f66e285157dc78e143/awscrt-0.32.2-cp313-cp313t-macosx_10_15_universal2.whl", hash = "sha256:f2a085d0dd4eef974f2ae5467ae3717d2fc08dd8cd508c4fd7a5acb658c68616", size = 3414715, upload-time = "2026-04-24T22:59:07.01Z" },
    { url = "https://files.pythonhosted.org/packages/d3/12/465d72ea6afffc7829f7f48f408a707d4dab9e3f2b694f4e0e63e011478a/awscrt-0.32.2-cp313-cp313t-manylinux2014_aarch64.manylinux_2_17_aarch64.whl", hash = "sha256:d8a4e52f7312e5e435461119aa903f6424e9996d93a040101fb1eb7b9c4e58dc", size = 4028634, upload-time = "2026-04-24T22:59:08.303Z" },
    { url = "https://files.pythonhosted.org/packages/e0/ee/2e9d3716cf6a24f30b85af24691d473c913c119dc996bcd8c9b2b3fe2c17/awscrt-0.32.2-cp313-cp313t-manylinux2014_x86_64.manylinux_2_17_x86_64.whl", hash = "sha256:6cb3c858e96ba023de691a3b6478bed9fb59085433042dff78c42e59eed19cf2", size = 4311846, upload-time = "2026-04-24T22:59:10.02Z" },
    { url = "https://files.pythonhosted.org/packages/d0/ce/aa08aad92e48929cfe243ed7da5cf039fbb137c391e84af79e88c848a37a/awscrt-0.32.2-cp313-cp313t-musllinux_1_1_aarch64.whl", hash = "sha256:7f92b8f40a104a2a87ea5f428b3799220666ec1450b3a90665867d3715749e91", size = 3952242, upload-time = "2026-04-24T22:59:11.632Z" },
    { url = "https://files.pythonhosted.org/packages/42/e3/09ad98aa7dae9cd3ad578c7721b64e9da03f9a5ed444e518c63e82db05a9/awscrt-0.32.2-cp313-cp313t-musllinux_1_1_x86_64.whl", hash = "sha256:9fd2dbca02f4e22fb5c02d1505327e6e6e9320dbe8ca80fc033cbbb29ed8631a", size = 4187982, upload-time = "2026-04-24T22:59:14.477Z" },
    { url = "https://files.pythonhosted.org/packages/26/be/897b1ad519d83a837d721f4e8a87d98e6f36e5b985fa697f3ffed512a8eb/awscrt-0.32.2-cp313-cp313t-win32.whl", hash = "sha256:023a2f4595804a0f1d61ab49b64dda5612be9bfbe9b13759331e8e31658dda3f", size = 4111958, upload-time = "2026-04-24T22:59:15.857Z" },
    { url = "https://files.pythonhosted.org/packages/71/54/6cca298e8acb6769c8078b39bedbc507f17a3f7fe6ea768d8256d584d4ed/awscrt-0.32.2-cp313-cp313t-win_amd64.whl", hash = "sha256:a2f513f0fb3aafdf7cdf29d7f6f0c46bf4cc7880380c86e88635b7818565e76d", size = 4271679, upload-time = "2026-04-24T22:59:17.425Z" },
    { url = "https://files.pythonhosted.org/packages/c7/09/51fca333d42b53ddb04881f53e3cc0f4462872ac81426fbb34f5d0b1d1fb/awscrt-0.32.2-cp314-cp314t-macosx_10_15_universal2.whl", hash = "sha256:7404cb551046bbe7cd454ea75f88b4a1b26f018d1b9bea83dbe46c174789d835", size = 3414716, upload-time = "2026-04-24T22:59:18.918Z" },
    { url = "https://files.pythonhosted.org/packages/39/3a/0ae52a8dfb0e3c37f0129232d79307c65e6ee1ea13a3cbdcf301aaad0a6a/awscrt-0.32.2-cp314-cp314t-manylinux2014_aarch64.manylinux_2_17_aarch64.whl", hash = "sha256:51d6132e9d70de40da07dfad5f17780a652dd4b351c35ca97c79d0fa0186d645", size = 4028980, upload-time = "2026-04-24T22:59:20.316Z" },
    { url = "https://files.pythonhosted.org/packages/2d/7f/7f52020bfcf29122cad77e936d82abaa1f6857a5a70453e8cc734119f0e2/awscrt-0.32.2-cp314-cp314t-manylinux2014_x86_64.manylinux_2_17_x86_64.whl", hash = "sha256:193cc3ecf03a1dd6f989853b6c21549a0a9750c855520fedc8c3c8fbcd32e1bc", size = 4312564, upload-time = "2026-04-24T22:59:21.851Z" },
    { url = "https://files.pythonhosted.org/packages/25/86/2c9b5479e08b8198459d2a781df5524e45d4d0f9c6329bad26979a4d1e85/awscrt-0.32.2-cp314-cp314t-win32.whl", hash = "sha256:25c7e7e6535cb2d2a4d22fd6264f621672d3903491318364dbc59066b63c7186", size = 4195784, upload-time = "2026-04-24T22:59:23.769Z" },
    { url = "https://files.pythonhosted.org/packages/ab/85/a12515514de8969b9e7fa40bb782501a336a8a985cc3093309120a80b627/awscrt-0.32.2-cp314-cp314t-win_amd64.whl", hash = "sha256:a6782c19a00f354c7b232b675f09cde94d1ca37bcf29009b8779b3f6395b27b4", size = 4366435, upload-time = "2026-04-24T22:59:25.53Z" },
]

[[package]]
name = "boto3"
version = "1.43.46"
source = { registry = "https://pypi.org/simple" }
dependencies = [
    { name = "botocore" },
    { name = "jmespath" },
    { name = "s3transfer" },
]
sdist = { url = "https://files.pythonhosted.org/packages/f2/e7/976bf3dfe0aa5d7f31bec2f2cf57c79641620c910a39bc843a237aa9592d/boto3-1.43.46.tar.gz", hash = "sha256:66c0d943b049a46a492ec4ec2ebe73c930b1842c7137bee83aad6d93e95d4d96", size = 112654, upload-time = "2026-07-10T19:32:12.498Z" }
wheels = [
    { url = "https://files.pythonhosted.org/packages/ef/1d/c52e66ff32ba7911664e6c4c2ac62e1c6d2d1e7550c7ac185d3f4b70a8a4/boto3-1.43.46-py3-none-any.whl", hash = "sha256:69453e2c1bcb9fd9806527ab99950cacfc2826cb0dce9a3a0414d19270c06c3c", size = 140031, upload-time = "2026-07-10T19:32:11.129Z" },
]

[[package]]
name = "botocore"
version = "1.43.46"
source = { registry = "https://pypi.org/simple" }
dependencies = [
    { name = "jmespath" },
    { name = "python-dateutil" },
    { name = "urllib3" },
]
sdist = { url = "https://files.pythonhosted.org/packages/7d/f1/1917891851ac5ac09bb9f4862b8fc9252a009d7c24e8688bb67e4383d9e7/botocore-1.43.46.tar.gz", hash = "sha256:59f2e1ac3cdc66d191cae91c0804bc41847ce817dc8147cf43eaada8f76a5533", size = 15694635, upload-time = "2026-07-10T19:32:00.437Z" }
wheels = [
    { url = "https://files.pythonhosted.org/packages/0e/f2/4bd8f2f419088feb3ce55f0ca91040ff902f402edfd197450b20a2e1d533/botocore-1.43.46-py3-none-any.whl", hash = "sha256:cb673891e623ae6e6a1bf24d94ef169504f3eb02584adb5d5bee2f6aae819b60", size = 15380350, upload-time = "2026-07-10T19:31:57.616Z" },
]

[package.optional-dependencies]
crt = [
    { name = "awscrt" },
]

[[package]]
name = "jmespath"
version = "1.1.0"
source = { registry = "https://pypi.org/simple" }
sdist = { url = "https://files.pythonhosted.org/packages/d3/59/322338183ecda247fb5d1763a6cbe46eff7222eaeebafd9fa65d4bf5cb11/jmespath-1.1.0.tar.gz", hash = "sha256:472c87d80f36026ae83c6ddd0f1d05d4e510134ed462851fd5f754c8c3cbb88d", size = 27377, upload-time = "2026-01-22T16:35:26.279Z" }
wheels = [
    { url = "https://files.pythonhosted.org/packages/14/2f/967ba146e6d58cf6a652da73885f52fc68001525b4197effc174321d70b4/jmespath-1.1.0-py3-none-any.whl", hash = "sha256:a5663118de4908c91729bea0acadca56526eb2698e83de10cd116ae0f4e97c64", size = 20419, upload-time = "2026-01-22T16:35:24.919Z" },
]

[[package]]
name = "python-dateutil"
version = "2.9.0.post0"
source = { registry = "https://pypi.org/simple" }
dependencies = [
    { name = "six" },
]
sdist = { url = "https://files.pythonhosted.org/packages/66/c0/0c8b6ad9f17a802ee498c46e004a0eb49bc148f2fd230864601a86dcf6db/python-dateutil-2.9.0.post0.tar.gz", hash = "sha256:37dd54208da7e1cd875388217d5e00ebd4179249f90fb72437e91a35459a0ad3", size = 342432, upload-time = "2024-03-01T18:36:20.211Z" }
wheels = [
    { url = "https://files.pythonhosted.org/packages/ec/57/56b9bcc3c9c6a792fcbaf139543cee77261f3651ca9da0c93f5c1221264b/python_dateutil-2.9.0.post0-py2.py3-none-any.whl", hash = "sha256:a8b2bc7bffae282281c8140a97d3aa9c14da0b136dfe83f850eea9a5f7470427", size = 229892, upload-time = "2024-03-01T18:36:18.57Z" },
]

[[package]]
name = "python-dotenv"
version = "1.2.2"
source = { registry = "https://pypi.org/simple" }
sdist = { url = "https://files.pythonhosted.org/packages/82/ed/0301aeeac3e5353ef3d94b6ec08bbcabd04a72018415dcb29e588514bba8/python_dotenv-1.2.2.tar.gz", hash = "sha256:2c371a91fbd7ba082c2c1dc1f8bf89ca22564a087c2c287cd9b662adde799cf3", size = 50135, upload-time = "2026-03-01T16:00:26.196Z" }
wheels = [
    { url = "https://files.pythonhosted.org/packages/0b/d7/1959b9648791274998a9c3526f6d0ec8fd2233e4d4acce81bbae76b44b2a/python_dotenv-1.2.2-py3-none-any.whl", hash = "sha256:1d8214789a24de455a8b8bd8ae6fe3c6b69a5e3d64aa8a8e5d68e694bbcb285a", size = 22101, upload-time = "2026-03-01T16:00:25.09Z" },
]

[[package]]
name = "s3transfer"
version = "0.19.1"
source = { registry = "https://pypi.org/simple" }
dependencies = [
    { name = "botocore" },
]
sdist = { url = "https://files.pythonhosted.org/packages/65/da/4bef7ce7bb989b222aa4785a413896dbec53306dfc59c6ce7d16a7ffbd6a/s3transfer-0.19.1.tar.gz", hash = "sha256:d3d6371dc3f1e5c5427b2b457bcf13bcf87bec334c95aed18642eae61f6926f3", size = 165354, upload-time = "2026-07-10T19:32:04.849Z" }
wheels = [
    { url = "https://files.pythonhosted.org/packages/24/23/e84c64ad0e8bc59cd1b2ef98def848deff0ef3456c542afe74d51e9e8c85/s3transfer-0.19.1-py3-none-any.whl", hash = "sha256:d5fd7005ee39307455ad5f310b5ea67f4b1960d7fed5b3671ee50c249de675de", size = 90072, upload-time = "2026-07-10T19:32:03.673Z" },
]

[[package]]
name = "six"
version = "1.17.0"
source = { registry = "https://pypi.org/simple" }
sdist = { url = "https://files.pythonhosted.org/packages/94/e7/b2c673351809dca68a0e064b6af791aa332cf192da575fd474ed7d6f16a2/six-1.17.0.tar.gz", hash = "sha256:ff70335d468e7eb6ec65b95b99d3a2836546063f63acc5171de367e834932a81", size = 34031, upload-time = "2024-12-04T17:35:28.174Z" }
wheels = [
    { url = "https://files.pythonhosted.org/packages/b7/ce/149a00dd41f10bc29e5921b496af8b574d8413afcd5e30dfa0ed46c2cc5e/six-1.17.0-py2.py3-none-any.whl", hash = "sha256:4721f391ed90541fddacab5acf947aa0d3dc7d27b2e1e8eda2be8970586c3274", size = 11050, upload-time = "2024-12-04T17:35:26.475Z" },
]

[[package]]
name = "speaker-series-2026"
version = "0.1.0"
source = { virtual = "." }
dependencies = [
    { name = "boto3" },
    { name = "botocore", extra = ["crt"] },
    { name = "python-dotenv" },
]

[package.metadata]
requires-dist = [
    { name = "boto3", specifier = ">=1.34.0" },
    { name = "botocore", extras = ["crt"], specifier = ">=1.43.46" },
    { name = "python-dotenv", specifier = ">=1.0.0" },
]

[[package]]
name = "urllib3"
version = "2.7.0"
source = { registry = "https://pypi.org/simple" }
sdist = { url = "https://files.pythonhosted.org/packages/53/0c/06f8b233b8fd13b9e5ee11424ef85419ba0d8ba0b3138bf360be2ff56953/urllib3-2.7.0.tar.gz", hash = "sha256:231e0ec3b63ceb14667c67be60f2f2c40a518cb38b03af60abc813da26505f4c", size = 433602, upload-time = "2026-05-07T16:13:18.596Z" }
wheels = [
    { url = "https://files.pythonhosted.org/packages/7f/3e/5db95bcf282c52709639744ca2a8b149baccf648e39c8cc87553df9eae0c/urllib3-2.7.0-py3-none-any.whl", hash = "sha256:9fb4c81ebbb1ce9531cce37674bbc6f1360472bc18ca9a553ede278ef7276897", size = 131087, upload-time = "2026-05-07T16:13:17.151Z" },
]
